// !$*UTF8*$!
{
	archiveVersion = 1;
	classes = {
	};
	objectVersion = 48;
	objects = {

/* Begin PBXBuildFile section */
		C48647851EF156D200E12C86 /* AppDelegate.swift in Sources */ = {isa = PBXBuildFile; fileRef = C48647841EF156D200E12C86 /* AppDelegate.swift */; };
		C48647871EF156D200E12C86 /* ViewController.swift in Sources */ = {isa = PBXBuildFile; fileRef = C48647861EF156D200E12C86 /* ViewController.swift */; };
		C486478A1EF156D200E12C86 /* Main.storyboard in Resources */ = {isa = PBXBuildFile; fileRef = C48647881EF156D200E12C86 /* Main.storyboard */; };
		C486478D1EF156D200E12C86 /* GymApp.xcdatamodeld in Sources */ = {isa = PBXBuildFile; fileRef = C486478B1EF156D200E12C86 /* GymApp.xcdatamodeld */; };
		C486478F1EF156D200E12C86 /* Assets.xcassets in Resources */ = {isa = PBXBuildFile; fileRef = C486478E1EF156D200E12C86 /* Assets.xcassets */; };
		C48647921EF156D200E12C86 /* LaunchScreen.storyboard in Resources */ = {isa = PBXBuildFile; fileRef = C48647901EF156D200E12C86 /* LaunchScreen.storyboard */; };
		C486479D1EF156D200E12C86 /* GymAppTests.swift in Sources */ = {isa = PBXBuildFile; fileRef = C486479C1EF156D200E12C86 /* GymAppTests.swift */; };
		C48647A81EF156D200E12C86 /* GymAppUITests.swift in Sources */ = {isa = PBXBuildFile; fileRef = C48647A71EF156D200E12C86 /* GymAppUITests.swift */; };
/* End PBXBuildFile section */

/* Begin PBXContainerItemProxy section */
		C48647991EF156D200E12C86 /* PBXContainerItemProxy */ = {
			isa = PBXContainerItemProxy;
			containerPortal = C48647791EF156D200E12C86 /* Project object */;
			proxyType = 1;
			remoteGlobalIDString = C48647801EF156D200E12C86;
			remoteInfo = GymApp;
		};
		C48647A41EF156D200E12C86 /* PBXContainerItemProxy */ = {
			isa = PBXContainerItemProxy;
			containerPortal = C48647791EF156D200E12C86 /* Project object */;
			proxyType = 1;
			remoteGlobalIDString = C48647801EF156D200E12C86;
			remoteInfo = GymApp;
		};
/* End PBXContainerItemProxy section */

/* Begin PBXFileReference section */
		C48647811EF156D200E12C86 /* GymApp.app */ = {isa = PBXFileReference; explicitFileType = wrapper.application; includeInIndex = 0; path = GymApp.app; sourceTree = BUILT_PRODUCTS_DIR; };
		C48647841EF156D200E12C86 /* AppDelegate.swift */ = {isa = PBXFileReference; lastKnownFileType = sourcecode.swift; path = AppDelegate.swift; sourceTree = "<group>"; };
		C48647861EF156D200E12C86 /* ViewController.swift */ = {isa = PBXFileReference; lastKnownFileType = sourcecode.swift; path = ViewController.swift; sourceTree = "<group>"; };
		C48647891EF156D200E12C86 /* Base */ = {isa = PBXFileReference; lastKnownFileType = file.storyboard; name = Base; path = Base.lproj/Main.storyboard; sourceTree = "<group>"; };
		C486478C1EF156D200E12C86 /* GymApp.xcdatamodel */ = {isa = PBXFileReference; lastKnownFileType = wrapper.xcdatamodel; path = GymApp.xcdatamodel; sourceTree = "<group>"; };
		C486478E1EF156D200E12C86 /* Assets.xcassets */ = {isa = PBXFileReference; lastKnownFileType = folder.assetcatalog; path = Assets.xcassets; sourceTree = "<group>"; };
		C48647911EF156D200E12C86 /* Base */ = {isa = PBXFileReference; lastKnownFileType = file.storyboard; name = Base; path = Base.lproj/LaunchScreen.storyboard; sourceTree = "<group>"; };
		C48647931EF156D200E12C86 /* Info.plist */ = {isa = PBXFileReference; lastKnownFileType = text.plist.xml; path = Info.plist; sourceTree = "<group>"; };
		C48647981EF156D200E12C86 /* GymAppTests.xctest */ = {isa = PBXFileReference; explicitFileType = wrapper.cfbundle; includeInIndex = 0; path = GymAppTests.xctest; sourceTree = BUILT_PRODUCTS_DIR; };
		C486479C1EF156D200E12C86 /* GymAppTests.swift */ = {isa = PBXFileReference; lastKnownFileType = sourcecode.swift; path = GymAppTests.swift; sourceTree = "<group>"; };
		C486479E1EF156D200E12C86 /* Info.plist */ = {isa = PBXFileReference; lastKnownFileType = text.plist.xml; path = Info.plist; sourceTree = "<group>"; };
		C48647A31EF156D200E12C86 /* GymAppUITests.xctest */ = {isa = PBXFileReference; explicitFileType = wrapper.cfbundle; includeInIndex = 0; path = GymAppUITests.xctest; sourceTree = BUILT_PRODUCTS_DIR; };
		C48647A71EF156D200E12C86 /* GymAppUITests.swift */ = {isa = PBXFileReference; lastKnownFileType = sourcecode.swift; path = GymAppUITests.swift; sourceTree = "<group>"; };
		C48647A91EF156D200E12C86 /* Info.plist */ = {isa = PBXFileReference; lastKnownFileType = text.plist.xml; path = Info.plist; sourceTree = "<group>"; };
/* End PBXFileReference section */

/* Begin PBXFrameworksBuildPhase section */
		C486477E1EF156D200E12C86 /* Frameworks */ = {
			isa = PBXFrameworksBuildPhase;
			buildActionMask = 2147483647;
			files = (
			);
			runOnlyForDeploymentPostprocessing = 0;
		};
		C48647951EF156D200E12C86 /* Frameworks */ = {
			isa = PBXFrameworksBuildPhase;
			buildActionMask = 2147483647;
			files = (
			);
			runOnlyForDeploymentPostprocessing = 0;
		};
		C48647A01EF156D200E12C86 /* Frameworks */ = {
			isa = PBXFrameworksBuildPhase;
			buildActionMask = 2147483647;
			files = (
			);
			runOnlyForDeploymentPostprocessing = 0;
		};
/* End PBXFrameworksBuildPhase section */

/* Begin PBXGroup section */
		C48647781EF156D200E12C86 = {
			isa = PBXGroup;
			children = (
				C48647831EF156D200E12C86 /* GymApp */,
				C486479B1EF156D200E12C86 /* GymAppTests */,
				C48647A61EF156D200E12C86 /* GymAppUITests */,
				C48647821EF156D200E12C86 /* Products */,
			);
			sourceTree = "<group>";
		};
		C48647821EF156D200E12C86 /* Products */ = {
			isa = PBXGroup;
			children = (
				C48647811EF156D200E12C86 /* GymApp.app */,
				C48647981EF156D200E12C86 /* GymAppTests.xctest */,
				C48647A31EF156D200E12C86 /* GymAppUITests.xctest */,
			);
			name = Products;
			sourceTree = "<group>";
		};
		C48647831EF156D200E12C86 /* GymApp */ = {
			isa = PBXGroup;
			children = (
				C48647841EF156D200E12C86 /* AppDelegate.swift */,
				C48647861EF156D200E12C86 /* ViewController.swift */,
				C48647881EF156D200E12C86 /* Main.storyboard */,
				C486478E1EF156D200E12C86 /* Assets.xcassets */,
				C48647901EF156D200E12C86 /* LaunchScreen.storyboard */,
				C48647931EF156D200E12C86 /* Info.plist */,
				C486478B1EF156D200E12C86 /* GymApp.xcdatamodeld */,
			);
			path = GymApp;
			sourceTree = "<group>";
		};
		C486479B1EF156D200E12C86 /* GymAppTests */ = {
			isa = PBXGroup;
			children = (
				C486479C1EF156D200E12C86 /* GymAppTests.swift */,
				C486479E1EF156D200E12C86 /* Info.plist */,
			);
			path = GymAppTests;
			sourceTree = "<group>";
		};
		C48647A61EF156D200E12C86 /* GymAppUITests */ = {
			isa = PBXGroup;
			children = (
				C48647A71EF156D200E12C86 /* GymAppUITests.swift */,
				C48647A91EF156D200E12C86 /* Info.plist */,
			);
			path = GymAppUITests;
			sourceTree = "<group>";
		};
/* End PBXGroup section */

/* Begin PBXNativeTarget section */
		C48647801EF156D200E12C86 /* GymApp */ = {
			isa = PBXNativeTarget;
			buildConfigurationList = C48647AC1EF156D200E12C86 /* Build configuration list for PBXNativeTarget "GymApp" */;
			buildPhases = (
				C486477D1EF156D200E12C86 /* Sources */,
				C486477E1EF156D200E12C86 /* Frameworks */,
				C486477F1EF156D200E12C86 /* Resources */,
			);
			buildRules = (
			);
			dependencies = (
			);
			name = GymApp;
			productName = GymApp;
			productReference = C48647811EF156D200E12C86 /* GymApp.app */;
			productType = "com.apple.product-type.application";
		};
		C48647971EF156D200E12C86 /* GymAppTests */ = {
			isa = PBXNativeTarget;
			buildConfigurationList = C48647AF1EF156D200E12C86 /* Build configuration list for PBXNativeTarget "GymAppTests" */;
			buildPhases = (
				C48647941EF156D200E12C86 /* Sources */,
				C48647951EF156D200E12C86 /* Frameworks */,
				C48647961EF156D200E12C86 /* Resources */,
			);
			buildRules = (
			);
			dependencies = (
				C486479A1EF156D200E12C86 /* PBXTargetDependency */,
			);
			name = GymAppTests;
			productName = GymAppTests;
			productReference = C48647981EF156D200E12C86 /* GymAppTests.xctest */;
			productType = "com.apple.product-type.bundle.unit-test";
		};
		C48647A21EF156D200E12C86 /* GymAppUITests */ = {
			isa = PBXNativeTarget;
			buildConfigurationList = C48647B21EF156D200E12C86 /* Build configuration list for PBXNativeTarget "GymAppUITests" */;
			buildPhases = (
				C486479F1EF156D200E12C86 /* Sources */,
				C48647A01EF156D200E12C86 /* Frameworks */,
				C48647A11EF156D200E12C86 /* Resources */,
			);
			buildRules = (
			);
			dependencies = (
				C48647A51EF156D200E12C86 /* PBXTargetDependency */,
			);
			name = GymAppUITests;
			productName = GymAppUITests;
			productReference = C48647A31EF156D200E12C86 /* GymAppUITests.xctest */;
			productType = "com.apple.product-type.bundle.ui-testing";
		};
/* End PBXNativeTarget section */

/* Begin PBXProject section */
		C48647791EF156D200E12C86 /* Project object */ = {
			isa = PBXProject;
			attributes = {
				LastSwiftUpdateCheck = 0900;
				LastUpgradeCheck = 0900;
				ORGANIZATIONNAME = "David Ward";
				TargetAttributes = {
					C48647801EF156D200E12C86 = {
						CreatedOnToolsVersion = 9.0;
					};
					C48647971EF156D200E12C86 = {
						CreatedOnToolsVersion = 9.0;
						TestTargetID = C48647801EF156D200E12C86;
					};
					C48647A21EF156D200E12C86 = {
						CreatedOnToolsVersion = 9.0;
						TestTargetID = C48647801EF156D200E12C86;
					};
				};
			};
			buildConfigurationList = C486477C1EF156D200E12C86 /* Build configuration list for PBXProject "GymApp" */;
			compatibilityVersion = "Xcode 8.0";
			developmentRegion = en;
			hasScannedForEncodings = 0;
			knownRegions = (
				en,
				Base,
			);
			mainGroup = C48647781EF156D200E12C86;
			productRefGroup = C48647821EF156D200E12C86 /* Products */;
			projectDirPath = "";
			projectRoot = "";
			targets = (
				C48647801EF156D200E12C86 /* GymApp */,
				C48647971EF156D200E12C86 /* GymAppTests */,
				C48647A21EF156D200E12C86 /* GymAppUITests */,
			);
		};
/* End PBXProject section */

/* Begin PBXResourcesBuildPhase section */
		C486477F1EF156D200E12C86 /* Resources */ = {
			isa = PBXResourcesBuildPhase;
			buildActionMask = 2147483647;
			files = (
				C48647921EF156D200E12C86 /* LaunchScreen.storyboard in Resources */,
				C486478F1EF156D200E12C86 /* Assets.xcassets in Resources */,
				C486478A1EF156D200E12C86 /* Main.storyboard in Resources */,
			);
			runOnlyForDeploymentPostprocessing = 0;
		};
		C48647961EF156D200E12C86 /* Resources */ = {
			isa = PBXResourcesBuildPhase;
			buildActionMask = 2147483647;
			files = (
			);
			runOnlyForDeploymentPostprocessing = 0;
		};
		C48647A11EF156D200E12C86 /* Resources */ = {
			isa = PBXResourcesBuildPhase;
			buildActionMask = 2147483647;
			files = (
			);
			runOnlyForDeploymentPostprocessing = 0;
		};
/* End PBXResourcesBuildPhase section */

/* Begin PBXSourcesBuildPhase section */
		C486477D1EF156D200E12C86 /* Sources */ = {
			isa = PBXSourcesBuildPhase;
			buildActionMask = 2147483647;
			files = (
				C486478D1EF156D200E12C86 /* GymApp.xcdatamodeld in Sources */,
				C48647871EF156D200E12C86 /* ViewController.swift in Sources */,
				C48647851EF156D200E12C86 /* AppDelegate.swift in Sources */,
			);
			runOnlyForDeploymentPostprocessing = 0;
		};
		C48647941EF156D200E12C86 /* Sources */ = {
			isa = PBXSourcesBuildPhase;
			buildActionMask = 2147483647;
			files = (
				C486479D1EF156D200E12C86 /* GymAppTests.swift in Sources */,
			);
			runOnlyForDeploymentPostprocessing = 0;
		};
		C486479F1EF156D200E12C86 /* Sources */ = {
			isa = PBXSourcesBuildPhase;
			buildActionMask = 2147483647;
			files = (
				C48647A81EF156D200E12C86 /* GymAppUITests.swift in Sources */,
			);
			runOnlyForDeploymentPostprocessing = 0;
		};
/* End PBXSourcesBuildPhase section */

/* Begin PBXTargetDependency section */
		C486479A1EF156D200E12C86 /* PBXTargetDependency */ = {
			isa = PBXTargetDependency;
			target = C48647801EF156D200E12C86 /* GymApp */;
			targetProxy = C48647991EF156D200E12C86 /* PBXContainerItemProxy */;
		};
		C48647A51EF156D200E12C86 /* PBXTargetDependency */ = {
			isa = PBXTargetDependency;
			target = C48647801EF156D200E12C86 /* GymApp */;
			targetProxy = C48647A41EF156D200E12C86 /* PBXContainerItemProxy */;
		};
/* End PBXTargetDependency section */

/* Begin PBXVariantGroup section */
		C48647881EF156D200E12C86 /* Main.storyboard */ = {
			isa = PBXVariantGroup;
			children = (
				C48647891EF156D200E12C86 /* Base */,
			);
			name = Main.storyboard;
			sourceTree = "<group>";
		};
		C48647901EF156D200E12C86 /* LaunchScreen.storyboard */ = {
			isa = PBXVariantGroup;
			children = (
				C48647911EF156D200E12C86 /* Base */,
			);
			name = LaunchScreen.storyboard;
			sourceTree = "<group>";
		};
/* End PBXVariantGroup section */

/* Begin XCBuildConfiguration section */
		C48647AA1EF156D200E12C86 /* Debug */ = {
			isa = XCBuildConfiguration;
			buildSettings = {
				ALWAYS_SEARCH_USER_PATHS = NO;
				CLANG_ANALYZER_NONNULL = YES;
				CLANG_ANALYZER_NUMBER_OBJECT_CONVERSION = YES_AGGRESSIVE;
				CLANG_CXX_LANGUAGE_STANDARD = "gnu++14";
				CLANG_CXX_LIBRARY = "libc++";
				CLANG_ENABLE_MODULES = YES;
				CLANG_ENABLE_OBJC_ARC = YES;
				CLANG_WARN_BLOCK_CAPTURE_AUTORELEASING = YES;
				CLANG_WARN_BOOL_CONVERSION = YES;
				CLANG_WARN_COMMA = YES;
				CLANG_WARN_CONSTANT_CONVERSION = YES;
				CLANG_WARN_DIRECT_OBJC_ISA_USAGE = YES_ERROR;
				CLANG_WARN_DOCUMENTATION_COMMENTS = YES;
				CLANG_WARN_EMPTY_BODY = YES;
				CLANG_WARN_ENUM_CONVERSION = YES;
				CLANG_WARN_INFINITE_RECURSION = YES;
				CLANG_WARN_INT_CONVERSION = YES;
				CLANG_WARN_OBJC_ROOT_CLASS = YES_ERROR;
				CLANG_WARN_RANGE_LOOP_ANALYSIS = YES;
				CLANG_WARN_STRICT_PROTOTYPES = YES;
				CLANG_WARN_SUSPICIOUS_MOVE = YES;
				CLANG_WARN_UNGUARDED_AVAILABILITY = YES_AGGRESSIVE;
				CLANG_WARN_UNREACHABLE_CODE = YES;
				CLANG_WARN__DUPLICATE_METHOD_MATCH = YES;
				CODE_SIGN_IDENTITY = "iPhone Developer";
				COPY_PHASE_STRIP = NO;
				DEBUG_INFORMATION_FORMAT = dwarf;
				ENABLE_STRICT_OBJC_MSGSEND = YES;
				ENABLE_TESTABILITY = YES;
				GCC_C_LANGUAGE_STANDARD = gnu11;
				GCC_DYNAMIC_NO_PIC = NO;
				GCC_NO_COMMON_BLOCKS = YES;
				GCC_OPTIMIZATION_LEVEL = 0;
				GCC_PREPROCESSOR_DEFINITIONS = (
					"DEBUG=1",
					"$(inherited)",
				);
				GCC_WARN_64_TO_32_BIT_CONVERSION = YES;
				GCC_WARN_ABOUT_RETURN_TYPE = YES_ERROR;
				GCC_WARN_UNDECLARED_SELECTOR = YES;
				GCC_WARN_UNINITIALIZED_AUTOS = YES_AGGRESSIVE;
				GCC_WARN_UNUSED_FUNCTION = YES;
				GCC_WARN_UNUSED_VARIABLE = YES;
				IPHONEOS_DEPLOYMENT_TARGET = 11.0;
				MTL_ENABLE_DEBUG_INFO = YES;
				ONLY_ACTIVE_ARCH = YES;
				SDKROOT = iphoneos;
				SWIFT_ACTIVE_COMPILATION_CONDITIONS = DEBUG;
				SWIFT_OPTIMIZATION_LEVEL = "-Onone";
			};
			name = Debug;
		};
		C48647AB1EF156D200E12C86 /* Release */ = {
			isa = XCBuildConfiguration;
			buildSettings = {
				ALWAYS_SEARCH_USER_PATHS = NO;
				CLANG_ANALYZER_NONNULL = YES;
				CLANG_ANALYZER_NUMBER_OBJECT_CONVERSION = YES_AGGRESSIVE;
				CLANG_CXX_LANGUAGE_STANDARD = "gnu++14";
				CLANG_CXX_LIBRARY = "libc++";
				CLANG_ENABLE_MODULES = YES;
				CLANG_ENABLE_OBJC_ARC = YES;
				CLANG_WARN_BLOCK_CAPTURE_AUTORELEASING = YES;
				CLANG_WARN_BOOL_CONVERSION = YES;
				CLANG_WARN_COMMA = YES;
				CLANG_WARN_CONSTANT_CONVERSION = YES;
				CLANG_WARN_DIRECT_OBJC_ISA_USAGE = YES_ERROR;
				CLANG_WARN_DOCUMENTATION_COMMENTS = YES;
				CLANG_WARN_EMPTY_BODY = YES;
				CLANG_WARN_ENUM_CONVERSION = YES;
				CLANG_WARN_INFINITE_RECURSION = YES;
				CLANG_WARN_INT_CONVERSION = YES;
				CLANG_WARN_OBJC_ROOT_CLASS = YES_ERROR;
				CLANG_WARN_RANGE_LOOP_ANALYSIS = YES;
				CLANG_WARN_STRICT_PROTOTYPES = YES;
				CLANG_WARN_SUSPICIOUS_MOVE = YES;
				CLANG_WARN_UNGUARDED_AVAILABILITY = YES_AGGRESSIVE;
				CLANG_WARN_UNREACHABLE_CODE = YES;
				CLANG_WARN__DUPLICATE_METHOD_MATCH = YES;
				CODE_SIGN_IDENTITY = "iPhone Developer";
				COPY_PHASE_STRIP = NO;
				DEBUG_INFORMATION_FORMAT = "dwarf-with-dsym";
				ENABLE_NS_ASSERTIONS = NO;
				ENABLE_STRICT_OBJC_MSGSEND = YES;
				GCC_C_LANGUAGE_STANDARD = gnu11;
				GCC_NO_COMMON_BLOCKS = YES;
				GCC_WARN_64_TO_32_BIT_CONVERSION = YES;
				GCC_WARN_ABOUT_RETURN_TYPE = YES_ERROR;
				GCC_WARN_UNDECLARED_SELECTOR = YES;
				GCC_WARN_UNINITIALIZED_AUTOS = YES_AGGRESSIVE;
				GCC_WARN_UNUSED_FUNCTION = YES;
				GCC_WARN_UNUSED_VARIABLE = YES;
				IPHONEOS_DEPLOYMENT_TARGET = 11.0;
				MTL_ENABLE_DEBUG_INFO = NO;
				SDKROOT = iphoneos;
				SWIFT_OPTIMIZATION_LEVEL = "-Owholemodule";
				VALIDATE_PRODUCT = YES;
			};
			name = Release;
		};
		C48647AD1EF156D200E12C86 /* Debug */ = {
			isa = XCBuildConfiguration;
			buildSettings = {
				ASSETCATALOG_COMPILER_APPICON_NAME = AppIcon;
				DEVELOPMENT_TEAM = 629247H9W4;
				INFOPLIST_FILE = GymApp/Info.plist;
				LD_RUNPATH_SEARCH_PATHS = "$(inherited) @executable_path/Frameworks";
				PRODUCT_BUNDLE_IDENTIFIER = me.GymApp;
				PRODUCT_NAME = "$(TARGET_NAME)";
				SWIFT_VERSION = 4.0;
				TARGETED_DEVICE_FAMILY = "1,2";
			};
			name = Debug;
		};
		C48647AE1EF156D200E12C86 /* Release */ = {
			isa = XCBuildConfiguration;
			buildSettings = {
				ASSETCATALOG_COMPILER_APPICON_NAME = AppIcon;
				DEVELOPMENT_TEAM = 629247H9W4;
				INFOPLIST_FILE = GymApp/Info.plist;
				LD_RUNPATH_SEARCH_PATHS = "$(inherited) @executable_path/Frameworks";
				PRODUCT_BUNDLE_IDENTIFIER = me.GymApp;
				PRODUCT_NAME = "$(TARGET_NAME)";
				SWIFT_VERSION = 4.0;
				TARGETED_DEVICE_FAMILY = "1,2";
			};
			name = Release;
		};
		C48647B01EF156D200E12C86 /* Debug */ = {
			isa = XCBuildConfiguration;
			buildSettings = {
				ALWAYS_EMBED_SWIFT_STANDARD_LIBRARIES = YES;
				BUNDLE_LOADER = "$(TEST_HOST)";
				DEVELOPMENT_TEAM = 629247H9W4;
				INFOPLIST_FILE = GymAppTests/Info.plist;
				LD_RUNPATH_SEARCH_PATHS = "$(inherited) @executable_path/Frameworks @loader_path/Frameworks";
				PRODUCT_BUNDLE_IDENTIFIER = me.GymAppTests;
				PRODUCT_NAME = "$(TARGET_NAME)";
				SWIFT_VERSION = 4.0;
				TARGETED_DEVICE_FAMILY = "1,2";
				TEST_HOST = "$(BUILT_PRODUCTS_DIR)/GymApp.app/GymApp";
			};
			name = Debug;
		};
		C48647B11EF156D200E12C86 /* Release */ = {
			isa = XCBuildConfiguration;
			buildSettings = {
				ALWAYS_EMBED_SWIFT_STANDARD_LIBRARIES = YES;
				BUNDLE_LOADER = "$(TEST_HOST)";
				DEVELOPMENT_TEAM = 629247H9W4;
				INFOPLIST_FILE = GymAppTests/Info.plist;
				LD_RUNPATH_SEARCH_PATHS = "$(inherited) @executable_path/Frameworks @loader_path/Frameworks";
				PRODUCT_BUNDLE_IDENTIFIER = me.GymAppTests;
				PRODUCT_NAME = "$(TARGET_NAME)";
				SWIFT_VERSION = 4.0;
				TARGETED_DEVICE_FAMILY = "1,2";
				TEST_HOST = "$(BUILT_PRODUCTS_DIR)/GymApp.app/GymApp";
			};
			name = Release;
		};
		C48647B31EF156D200E12C86 /* Debug */ = {
			isa = XCBuildConfiguration;
			buildSettings = {
				ALWAYS_EMBED_SWIFT_STANDARD_LIBRARIES = YES;
				DEVELOPMENT_TEAM = 629247H9W4;
				INFOPLIST_FILE = GymAppUITests/Info.plist;
				LD_RUNPATH_SEARCH_PATHS = "$(inherited) @executable_path/Frameworks @loader_path/Frameworks";
				PRODUCT_BUNDLE_IDENTIFIER = me.GymAppUITests;
				PRODUCT_NAME = "$(TARGET_NAME)";
				SWIFT_VERSION = 4.0;
				TARGETED_DEVICE_FAMILY = "1,2";
				TEST_TARGET_NAME = GymApp;
			};
			name = Debug;
		};
		C48647B41EF156D200E12C86 /* Release */ = {
			isa = XCBuildConfiguration;
			buildSettings = {
				ALWAYS_EMBED_SWIFT_STANDARD_LIBRARIES = YES;
				DEVELOPMENT_TEAM = 629247H9W4;
				INFOPLIST_FILE = GymAppUITests/Info.plist;
				LD_RUNPATH_SEARCH_PATHS = "$(inherited) @executable_path/Frameworks @loader_path/Frameworks";
				PRODUCT_BUNDLE_IDENTIFIER = me.GymAppUITests;
				PRODUCT_NAME = "$(TARGET_NAME)";
				SWIFT_VERSION = 4.0;
				TARGETED_DEVICE_FAMILY = "1,2";
				TEST_TARGET_NAME = GymApp;
			};
			name = Release;
		};
/* End XCBuildConfiguration section */

/* Begin XCConfigurationList section */
		C486477C1EF156D200E12C86 /* Build configuration list for PBXProject "GymApp" */ = {
			isa = XCConfigurationList;
			buildConfigurations = (
				C48647AA1EF156D200E12C86 /* Debug */,
				C48647AB1EF156D200E12C86 /* Release */,
			);
			defaultConfigurationIsVisible = 0;
			defaultConfigurationName = Release;
		};
		C48647AC1EF156D200E12C86 /* Build configuration list for PBXNativeTarget "GymApp" */ = {
			isa = XCConfigurationList;
			buildConfigurations = (
				C48647AD1EF156D200E12C86 /* Debug */,
				C48647AE1EF156D200E12C86 /* Release */,
			);
			defaultConfigurationIsVisible = 0;
		};
		C48647AF1EF156D200E12C86 /* Build configuration list for PBXNativeTarget "GymAppTests" */ = {
			isa = XCConfigurationList;
			buildConfigurations = (
				C48647B01EF156D200E12C86 /* Debug */,
				C48647B11EF156D200E12C86 /* Release */,
			);
			defaultConfigurationIsVisible = 0;
		};
		C48647B21EF156D200E12C86 /* Build configuration list for PBXNativeTarget "GymAppUITests" */ = {
			isa = XCConfigurationList;
			buildConfigurations = (
				C48647B31EF156D200E12C86 /* Debug */,
				C48647B41EF156D200E12C86 /* Release */,
			);
			defaultConfigurationIsVisible = 0;
		};
/* End XCConfigurationList section */

/* Begin XCVersionGroup section */
		C486478B1EF156D200E12C86 /* GymApp.xcdatamodeld */ = {
			isa = XCVersionGroup;
			children = (
				C486478C1EF156D200E12C86 /* GymApp.xcdatamodel */,
			);
			currentVersion = C486478C1EF156D200E12C86 /* GymApp.xcdatamodel */;
			path = GymApp.xcdatamodeld;
			sourceTree = "<group>";
			versionGroupType = wrapper.xcdatamodel;
		};
/* End XCVersionGroup section */
	};
	rootObject = C48647791EF156D200E12C86 /* Project object */;
}
